<Solution>
  <Project Path="BusbarAutomation.Application/BusbarAutomation.Application.csproj" Id="4c1a5796-c129-43b6-a646-eb502c803544" />
  <Project Path="BusbarAutomation.Core/BusbarAutomation.Core.csproj" Id="cc0b8c1a-2f6d-4b91-b428-a333a0a19c70" />
  <Project Path="BusbarAutomation.Reporting/BusbarAutomation.Reporting.csproj" Id="1f54a8b8-9dba-4a64-9a5a-3d174c6bf5f4" />
  <Project Path="TopToDown/TopToDown.csproj" Id="f2f93f6a-628c-4473-8c0d-6c8cd255df3b" />
  <Project Path="TopToDown.Tests/TopToDown.Tests.csproj" />
</Solution>
